
Microsoft Visual Studio Solution File, Format Version 12.00
# Visual Studio Version 17
VisualStudioVersion = 17.4.33205.214
MinimumVisualStudioVersion = 10.0.40219.1
Project("{FAE04EC0-301F-11D3-BF4B-00C04F79EFBC}") = "ProductCatelogPL", "ProjectCatelogMVC\ProductCatelogPL.csproj", "{40F17C94-7D6B-40F2-AD9F-FEDF5E4F8667}"
EndProject
Project("{FAE04EC0-301F-11D3-BF4B-00C04F79EFBC}") = "ProductCatDAL", "ProductCatDAL\ProductCatDAL.csproj", "{BBB7A383-6407-467F-B74B-157337413BE2}"
EndProject
Project("{FAE04EC0-301F-11D3-BF4B-00C04F79EFBC}") = "ProductCateBBL", "ProjectCateBBL\ProductCateBBL.csproj", "{8174FC19-F537-47F4-844D-45FEB36858EE}"
EndProject
Global
	GlobalSection(SolutionConfigurationPlatforms) = preSolution
		Debug|Any CPU = Debug|Any CPU
		Release|Any CPU = Release|Any CPU
	EndGlobalSection
	GlobalSection(ProjectConfigurationPlatforms) = postSolution
		{40F17C94-7D6B-40F2-AD9F-FEDF5E4F8667}.Debug|Any CPU.ActiveCfg = Debug|Any CPU
		{40F17C94-7D6B-40F2-AD9F-FEDF5E4F8667}.Debug|Any CPU.Build.0 = Debug|Any CPU
		{40F17C94-7D6B-40F2-AD9F-FEDF5E4F8667}.Release|Any CPU.ActiveCfg = Release|Any CPU
		{40F17C94-7D6B-40F2-AD9F-FEDF5E4F8667}.Release|Any CPU.Build.0 = Release|Any CPU
		{BBB7A383-6407-467F-B74B-157337413BE2}.Debug|Any CPU.ActiveCfg = Debug|Any CPU
		{BBB7A383-6407-467F-B74B-157337413BE2}.Debug|Any CPU.Build.0 = Debug|Any CPU
		{BBB7A383-6407-467F-B74B-157337413BE2}.Release|Any CPU.ActiveCfg = Release|Any CPU
		{BBB7A383-6407-467F-B74B-157337413BE2}.Release|Any CPU.Build.0 = Release|Any CPU
		{8174FC19-F537-47F4-844D-45FEB36858EE}.Debug|Any CPU.ActiveCfg = Debug|Any CPU
		{8174FC19-F537-47F4-844D-45FEB36858EE}.Debug|Any CPU.Build.0 = Debug|Any CPU
		{8174FC19-F537-47F4-844D-45FEB36858EE}.Release|Any CPU.ActiveCfg = Release|Any CPU
		{8174FC19-F537-47F4-844D-45FEB36858EE}.Release|Any CPU.Build.0 = Release|Any CPU
	EndGlobalSection
	GlobalSection(SolutionProperties) = preSolution
		HideSolutionNode = FALSE
	EndGlobalSection
	GlobalSection(ExtensibilityGlobals) = postSolution
		SolutionGuid = {4E673DBA-2F7E-4064-AD71-793732A9016C}
	EndGlobalSection
EndGlobal
